// !$*UTF8*$!
{
	archiveVersion = 1;
	classes = {
	};
	objectVersion = 77;
	objects = {

/* Begin PBXBuildFile section */
		058935802D62331F00ED0475 /* 200-form.json in Resources */ = {isa = PBXBuildFile; fileRef = 0589357F2D62331F00ED0475 /* 200-form.json */; };
		058935822D62333000ED0475 /* all-fields.json in Resources */ = {isa = PBXBuildFile; fileRef = 058935812D62333000ED0475 /* all-fields.json */; };
/* End PBXBuildFile section */

/* Begin PBXContainerItemProxy section */
		058935632D622A4500ED0475 /* PBXContainerItemProxy */ = {
			isa = PBXContainerItemProxy;
			containerPortal = 0589354A2D622A4200ED0475 /* Project object */;
			proxyType = 1;
			remoteGlobalIDString = 058935512D622A4200ED0475;
			remoteInfo = dynamic_form;
		};
		0589356D2D622A4500ED0475 /* PBXContainerItemProxy */ = {
			isa = PBXContainerItemProxy;
			containerPortal = 0589354A2D622A4200ED0475 /* Project object */;
			proxyType = 1;
			remoteGlobalIDString = 058935512D622A4200ED0475;
			remoteInfo = dynamic_form;
		};
/* End PBXContainerItemProxy section */

/* Begin PBXFileReference section */
		058935522D622A4200ED0475 /* dynamic_form.app */ = {isa = PBXFileReference; explicitFileType = wrapper.application; includeInIndex = 0; path = dynamic_form.app; sourceTree = BUILT_PRODUCTS_DIR; };
		058935622D622A4400ED0475 /* dynamic_formTests.xctest */ = {isa = PBXFileReference; explicitFileType = wrapper.cfbundle; includeInIndex = 0; path = dynamic_formTests.xctest; sourceTree = BUILT_PRODUCTS_DIR; };
		0589356C2D622A4500ED0475 /* dynamic_formUITests.xctest */ = {isa = PBXFileReference; explicitFileType = wrapper.cfbundle; includeInIndex = 0; path = dynamic_formUITests.xctest; sourceTree = BUILT_PRODUCTS_DIR; };
		0589357F2D62331F00ED0475 /* 200-form.json */ = {isa = PBXFileReference; lastKnownFileType = text.json; path = "200-form.json"; sourceTree = "<group>"; };
		058935812D62333000ED0475 /* all-fields.json */ = {isa = PBXFileReference; lastKnownFileType = text.json; path = "all-fields.json"; sourceTree = "<group>"; };
/* End PBXFileReference section */

/* Begin PBXFileSystemSynchronizedRootGroup section */
		058935542D622A4200ED0475 /* dynamic_form */ = {
			isa = PBXFileSystemSynchronizedRootGroup;
			path = dynamic_form;
			sourceTree = "<group>";
		};
		058935652D622A4500ED0475 /* dynamic_formTests */ = {
			isa = PBXFileSystemSynchronizedRootGroup;
			path = dynamic_formTests;
			sourceTree = "<group>";
		};
		0589356F2D622A4500ED0475 /* dynamic_formUITests */ = {
			isa = PBXFileSystemSynchronizedRootGroup;
			path = dynamic_formUITests;
			sourceTree = "<group>";
		};
/* End PBXFileSystemSynchronizedRootGroup section */

/* Begin PBXFrameworksBuildPhase section */
		0589354F2D622A4200ED0475 /* Frameworks */ = {
			isa = PBXFrameworksBuildPhase;
			buildActionMask = 2147483647;
			files = (
			);
			runOnlyForDeploymentPostprocessing = 0;
		};
		0589355F2D622A4400ED0475 /* Frameworks */ = {
			isa = PBXFrameworksBuildPhase;
			buildActionMask = 2147483647;
			files = (
			);
			runOnlyForDeploymentPostprocessing = 0;
		};
		058935692D622A4500ED0475 /* Frameworks */ = {
			isa = PBXFrameworksBuildPhase;
			buildActionMask = 2147483647;
			files = (
			);
			runOnlyForDeploymentPostprocessing = 0;
		};
/* End PBXFrameworksBuildPhase section */

/* Begin PBXGroup section */
		058935492D622A4200ED0475 = {
			isa = PBXGroup;
			children = (
				0589359B2D624E8000ED0475 /* Resources */,
				058935652D622A4500ED0475 /* dynamic_formTests */,
				0589356F2D622A4500ED0475 /* dynamic_formUITests */,
				058935532D622A4200ED0475 /* Products */,
				058935542D622A4200ED0475 /* dynamic_form */,
			);
			sourceTree = "<group>";
		};
		058935532D622A4200ED0475 /* Products */ = {
			isa = PBXGroup;
			children = (
				058935522D622A4200ED0475 /* dynamic_form.app */,
				058935622D622A4400ED0475 /* dynamic_formTests.xctest */,
				0589356C2D622A4500ED0475 /* dynamic_formUITests.xctest */,
			);
			name = Products;
			sourceTree = "<group>";
		};
		0589359B2D624E8000ED0475 /* Resources */ = {
			isa = PBXGroup;
			children = (
				0589357F2D62331F00ED0475 /* 200-form.json */,
				058935812D62333000ED0475 /* all-fields.json */,
			);
			path = Resources;
			sourceTree = "<group>";
		};
/* End PBXGroup section */

/* Begin PBXNativeTarget section */
		058935512D622A4200ED0475 /* dynamic_form */ = {
			isa = PBXNativeTarget;
			buildConfigurationList = 058935762D622A4500ED0475 /* Build configuration list for PBXNativeTarget "dynamic_form" */;
			buildPhases = (
				0589354E2D622A4200ED0475 /* Sources */,
				0589354F2D622A4200ED0475 /* Frameworks */,
				058935502D622A4200ED0475 /* Resources */,
			);
			buildRules = (
			);
			dependencies = (
			);
			fileSystemSynchronizedGroups = (
				058935542D622A4200ED0475 /* dynamic_form */,
			);
			name = dynamic_form;
			packageProductDependencies = (
			);
			productName = dynamic_form;
			productReference = 058935522D622A4200ED0475 /* dynamic_form.app */;
			productType = "com.apple.product-type.application";
		};
		058935612D622A4400ED0475 /* dynamic_formTests */ = {
			isa = PBXNativeTarget;
			buildConfigurationList = 058935792D622A4500ED0475 /* Build configuration list for PBXNativeTarget "dynamic_formTests" */;
			buildPhases = (
				0589355E2D622A4400ED0475 /* Sources */,
				0589355F2D622A4400ED0475 /* Frameworks */,
				058935602D622A4400ED0475 /* Resources */,
			);
			buildRules = (
			);
			dependencies = (
				058935642D622A4500ED0475 /* PBXTargetDependency */,
			);
			fileSystemSynchronizedGroups = (
				058935652D622A4500ED0475 /* dynamic_formTests */,
			);
			name = dynamic_formTests;
			packageProductDependencies = (
			);
			productName = dynamic_formTests;
			productReference = 058935622D622A4400ED0475 /* dynamic_formTests.xctest */;
			productType = "com.apple.product-type.bundle.unit-test";
		};
		0589356B2D622A4500ED0475 /* dynamic_formUITests */ = {
			isa = PBXNativeTarget;
			buildConfigurationList = 0589357C2D622A4500ED0475 /* Build configuration list for PBXNativeTarget "dynamic_formUITests" */;
			buildPhases = (
				058935682D622A4500ED0475 /* Sources */,
				058935692D622A4500ED0475 /* Frameworks */,
				0589356A2D622A4500ED0475 /* Resources */,
			);
			buildRules = (
			);
			dependencies = (
				0589356E2D622A4500ED0475 /* PBXTargetDependency */,
			);
			fileSystemSynchronizedGroups = (
				0589356F2D622A4500ED0475 /* dynamic_formUITests */,
			);
			name = dynamic_formUITests;
			packageProductDependencies = (
			);
			productName = dynamic_formUITests;
			productReference = 0589356C2D622A4500ED0475 /* dynamic_formUITests.xctest */;
			productType = "com.apple.product-type.bundle.ui-testing";
		};
/* End PBXNativeTarget section */

/* Begin PBXProject section */
		0589354A2D622A4200ED0475 /* Project object */ = {
			isa = PBXProject;
			attributes = {
				BuildIndependentTargetsInParallel = 1;
				LastSwiftUpdateCheck = 1620;
				LastUpgradeCheck = 1620;
				TargetAttributes = {
					058935512D622A4200ED0475 = {
						CreatedOnToolsVersion = 16.2;
					};
					058935612D622A4400ED0475 = {
						CreatedOnToolsVersion = 16.2;
						TestTargetID = 058935512D622A4200ED0475;
					};
					0589356B2D622A4500ED0475 = {
						CreatedOnToolsVersion = 16.2;
						TestTargetID = 058935512D622A4200ED0475;
					};
				};
			};
			buildConfigurationList = 0589354D2D622A4200ED0475 /* Build configuration list for PBXProject "dynamic_form" */;
			developmentRegion = en;
			hasScannedForEncodings = 0;
			knownRegions = (
				en,
				Base,
			);
			mainGroup = 058935492D622A4200ED0475;
			minimizedProjectReferenceProxies = 1;
			preferredProjectObjectVersion = 77;
			productRefGroup = 058935532D622A4200ED0475 /* Products */;
			projectDirPath = "";
			projectRoot = "";
			targets = (
				058935512D622A4200ED0475 /* dynamic_form */,
				058935612D622A4400ED0475 /* dynamic_formTests */,
				0589356B2D622A4500ED0475 /* dynamic_formUITests */,
			);
		};
/* End PBXProject section */

/* Begin PBXResourcesBuildPhase section */
		058935502D622A4200ED0475 /* Resources */ = {
			isa = PBXResourcesBuildPhase;
			buildActionMask = 2147483647;
			files = (
				058935822D62333000ED0475 /* all-fields.json in Resources */,
				058935802D62331F00ED0475 /* 200-form.json in Resources */,
			);
			runOnlyForDeploymentPostprocessing = 0;
		};
		058935602D622A4400ED0475 /* Resources */ = {
			isa = PBXResourcesBuildPhase;
			buildActionMask = 2147483647;
			files = (
			);
			runOnlyForDeploymentPostprocessing = 0;
		};
		0589356A2D622A4500ED0475 /* Resources */ = {
			isa = PBXResourcesBuildPhase;
			buildActionMask = 2147483647;
			files = (
			);
			runOnlyForDeploymentPostprocessing = 0;
		};
/* End PBXResourcesBuildPhase section */

/* Begin PBXSourcesBuildPhase section */
		0589354E2D622A4200ED0475 /* Sources */ = {
			isa = PBXSourcesBuildPhase;
			buildActionMask = 2147483647;
			files = (
			);
			runOnlyForDeploymentPostprocessing = 0;
		};
		0589355E2D622A4400ED0475 /* Sources */ = {
			isa = PBXSourcesBuildPhase;
			buildActionMask = 2147483647;
			files = (
			);
			runOnlyForDeploymentPostprocessing = 0;
		};
		058935682D622A4500ED0475 /* Sources */ = {
			isa = PBXSourcesBuildPhase;
			buildActionMask = 2147483647;
			files = (
			);
			runOnlyForDeploymentPostprocessing = 0;
		};
/* End PBXSourcesBuildPhase section */

/* Begin PBXTargetDependency section */
		058935642D622A4500ED0475 /* PBXTargetDependency */ = {
			isa = PBXTargetDependency;
			target = 058935512D622A4200ED0475 /* dynamic_form */;
			targetProxy = 058935632D622A4500ED0475 /* PBXContainerItemProxy */;
		};
		0589356E2D622A4500ED0475 /* PBXTargetDependency */ = {
			isa = PBXTargetDependency;
			target = 058935512D622A4200ED0475 /* dynamic_form */;
			targetProxy = 0589356D2D622A4500ED0475 /* PBXContainerItemProxy */;
		};
/* End PBXTargetDependency section */

/* Begin XCBuildConfiguration section */
		058935742D622A4500ED0475 /* Debug */ = {
			isa = XCBuildConfiguration;
			buildSettings = {
				ALWAYS_SEARCH_USER_PATHS = NO;
				ASSETCATALOG_COMPILER_GENERATE_SWIFT_ASSET_SYMBOL_EXTENSIONS = YES;
				CLANG_ANALYZER_NONNULL = YES;
				CLANG_ANALYZER_NUMBER_OBJECT_CONVERSION = YES_AGGRESSIVE;
				CLANG_CXX_LANGUAGE_STANDARD = "gnu++20";
				CLANG_ENABLE_MODULES = YES;
				CLANG_ENABLE_OBJC_ARC = YES;
				CLANG_ENABLE_OBJC_WEAK = YES;
				CLANG_WARN_BLOCK_CAPTURE_AUTORELEASING = YES;
				CLANG_WARN_BOOL_CONVERSION = YES;
				CLANG_WARN_COMMA = YES;
				CLANG_WARN_CONSTANT_CONVERSION = YES;
				CLANG_WARN_DEPRECATED_OBJC_IMPLEMENTATIONS = YES;
				CLANG_WARN_DIRECT_OBJC_ISA_USAGE = YES_ERROR;
				CLANG_WARN_DOCUMENTATION_COMMENTS = YES;
				CLANG_WARN_EMPTY_BODY = YES;
				CLANG_WARN_ENUM_CONVERSION = YES;
				CLANG_WARN_INFINITE_RECURSION = YES;
				CLANG_WARN_INT_CONVERSION = YES;
				CLANG_WARN_NON_LITERAL_NULL_CONVERSION = YES;
				CLANG_WARN_OBJC_IMPLICIT_RETAIN_SELF = YES;
				CLANG_WARN_OBJC_LITERAL_CONVERSION = YES;
				CLANG_WARN_OBJC_ROOT_CLASS = YES_ERROR;
				CLANG_WARN_QUOTED_INCLUDE_IN_FRAMEWORK_HEADER = YES;
				CLANG_WARN_RANGE_LOOP_ANALYSIS = YES;
				CLANG_WARN_STRICT_PROTOTYPES = YES;
				CLANG_WARN_SUSPICIOUS_MOVE = YES;
				CLANG_WARN_UNGUARDED_AVAILABILITY = YES_AGGRESSIVE;
				CLANG_WARN_UNREACHABLE_CODE = YES;
				CLANG_WARN__DUPLICATE_METHOD_MATCH = YES;
				COPY_PHASE_STRIP = NO;
				DEBUG_INFORMATION_FORMAT = dwarf;
				ENABLE_STRICT_OBJC_MSGSEND = YES;
				ENABLE_TESTABILITY = YES;
				ENABLE_USER_SCRIPT_SANDBOXING = YES;
				GCC_C_LANGUAGE_STANDARD = gnu17;
				GCC_DYNAMIC_NO_PIC = NO;
				GCC_NO_COMMON_BLOCKS = YES;
				GCC_OPTIMIZATION_LEVEL = 0;
				GCC_PREPROCESSOR_DEFINITIONS = (
					"DEBUG=1",
					"$(inherited)",
				);
				GCC_WARN_64_TO_32_BIT_CONVERSION = YES;
				GCC_WARN_ABOUT_RETURN_TYPE = YES_ERROR;
				GCC_WARN_UNDECLARED_SELECTOR = YES;
				GCC_WARN_UNINITIALIZED_AUTOS = YES_AGGRESSIVE;
				GCC_WARN_UNUSED_FUNCTION = YES;
				GCC_WARN_UNUSED_VARIABLE = YES;
				IPHONEOS_DEPLOYMENT_TARGET = 18.2;
				LOCALIZATION_PREFERS_STRING_CATALOGS = YES;
				MTL_ENABLE_DEBUG_INFO = INCLUDE_SOURCE;
				MTL_FAST_MATH = YES;
				ONLY_ACTIVE_ARCH = YES;
				SDKROOT = iphoneos;
				SWIFT_ACTIVE_COMPILATION_CONDITIONS = "DEBUG $(inherited)";
				SWIFT_OPTIMIZATION_LEVEL = "-Onone";
			};
			name = Debug;
		};
		058935752D622A4500ED0475 /* Release */ = {
			isa = XCBuildConfiguration;
			buildSettings = {
				ALWAYS_SEARCH_USER_PATHS = NO;
				ASSETCATALOG_COMPILER_GENERATE_SWIFT_ASSET_SYMBOL_EXTENSIONS = YES;
				CLANG_ANALYZER_NONNULL = YES;
				CLANG_ANALYZER_NUMBER_OBJECT_CONVERSION = YES_AGGRESSIVE;
				CLANG_CXX_LANGUAGE_STANDARD = "gnu++20";
				CLANG_ENABLE_MODULES = YES;
				CLANG_ENABLE_OBJC_ARC = YES;
				CLANG_ENABLE_OBJC_WEAK = YES;
				CLANG_WARN_BLOCK_CAPTURE_AUTORELEASING = YES;
				CLANG_WARN_BOOL_CONVERSION = YES;
				CLANG_WARN_COMMA = YES;
				CLANG_WARN_CONSTANT_CONVERSION = YES;
				CLANG_WARN_DEPRECATED_OBJC_IMPLEMENTATIONS = YES;
				CLANG_WARN_DIRECT_OBJC_ISA_USAGE = YES_ERROR;
				CLANG_WARN_DOCUMENTATION_COMMENTS = YES;
				CLANG_WARN_EMPTY_BODY = YES;
				CLANG_WARN_ENUM_CONVERSION = YES;
				CLANG_WARN_INFINITE_RECURSION = YES;
				CLANG_WARN_INT_CONVERSION = YES;
				CLANG_WARN_NON_LITERAL_NULL_CONVERSION = YES;
				CLANG_WARN_OBJC_IMPLICIT_RETAIN_SELF = YES;
				CLANG_WARN_OBJC_LITERAL_CONVERSION = YES;
				CLANG_WARN_OBJC_ROOT_CLASS = YES_ERROR;
				CLANG_WARN_QUOTED_INCLUDE_IN_FRAMEWORK_HEADER = YES;
				CLANG_WARN_RANGE_LOOP_ANALYSIS = YES;
				CLANG_WARN_STRICT_PROTOTYPES = YES;
				CLANG_WARN_SUSPICIOUS_MOVE = YES;
				CLANG_WARN_UNGUARDED_AVAILABILITY = YES_AGGRESSIVE;
				CLANG_WARN_UNREACHABLE_CODE = YES;
				CLANG_WARN__DUPLICATE_METHOD_MATCH = YES;
				COPY_PHASE_STRIP = NO;
				DEBUG_INFORMATION_FORMAT = "dwarf-with-dsym";
				ENABLE_NS_ASSERTIONS = NO;
				ENABLE_STRICT_OBJC_MSGSEND = YES;
				ENABLE_USER_SCRIPT_SANDBOXING = YES;
				GCC_C_LANGUAGE_STANDARD = gnu17;
				GCC_NO_COMMON_BLOCKS = YES;
				GCC_WARN_64_TO_32_BIT_CONVERSION = YES;
				GCC_WARN_ABOUT_RETURN_TYPE = YES_ERROR;
				GCC_WARN_UNDECLARED_SELECTOR = YES;
				GCC_WARN_UNINITIALIZED_AUTOS = YES_AGGRESSIVE;
				GCC_WARN_UNUSED_FUNCTION = YES;
				GCC_WARN_UNUSED_VARIABLE = YES;
				IPHONEOS_DEPLOYMENT_TARGET = 18.2;
				LOCALIZATION_PREFERS_STRING_CATALOGS = YES;
				MTL_ENABLE_DEBUG_INFO = NO;
				MTL_FAST_MATH = YES;
				SDKROOT = iphoneos;
				SWIFT_COMPILATION_MODE = wholemodule;
				VALIDATE_PRODUCT = YES;
			};
			name = Release;
		};
		058935772D622A4500ED0475 /* Debug */ = {
			isa = XCBuildConfiguration;
			buildSettings = {
				ASSETCATALOG_COMPILER_APPICON_NAME = AppIcon;
				ASSETCATALOG_COMPILER_GLOBAL_ACCENT_COLOR_NAME = AccentColor;
				CODE_SIGN_STYLE = Automatic;
				CURRENT_PROJECT_VERSION = 1;
				DEVELOPMENT_ASSET_PATHS = "\"dynamic_form/Preview Content\"";
				ENABLE_PREVIEWS = YES;
				GENERATE_INFOPLIST_FILE = YES;
				INFOPLIST_KEY_UIApplicationSceneManifest_Generation = YES;
				INFOPLIST_KEY_UIApplicationSupportsIndirectInputEvents = YES;
				INFOPLIST_KEY_UILaunchScreen_Generation = YES;
				INFOPLIST_KEY_UISupportedInterfaceOrientations_iPad = "UIInterfaceOrientationPortrait UIInterfaceOrientationPortraitUpsideDown UIInterfaceOrientationLandscapeLeft UIInterfaceOrientationLandscapeRight";
				INFOPLIST_KEY_UISupportedInterfaceOrientations_iPhone = "UIInterfaceOrientationPortrait UIInterfaceOrientationLandscapeLeft UIInterfaceOrientationLandscapeRight";
				LD_RUNPATH_SEARCH_PATHS = (
					"$(inherited)",
					"@executable_path/Frameworks",
				);
				MARKETING_VERSION = 1.0;
				PRODUCT_BUNDLE_IDENTIFIER = "com.form.dynamic-form";
				PRODUCT_NAME = "$(TARGET_NAME)";
				SWIFT_EMIT_LOC_STRINGS = YES;
				SWIFT_VERSION = 5.0;
				TARGETED_DEVICE_FAMILY = "1,2";
			};
			name = Debug;
		};
		058935782D622A4500ED0475 /* Release */ = {
			isa = XCBuildConfiguration;
			buildSettings = {
				ASSETCATALOG_COMPILER_APPICON_NAME = AppIcon;
				ASSETCATALOG_COMPILER_GLOBAL_ACCENT_COLOR_NAME = AccentColor;
				CODE_SIGN_STYLE = Automatic;
				CURRENT_PROJECT_VERSION = 1;
				DEVELOPMENT_ASSET_PATHS = "\"dynamic_form/Preview Content\"";
				ENABLE_PREVIEWS = YES;
				GENERATE_INFOPLIST_FILE = YES;
				INFOPLIST_KEY_UIApplicationSceneManifest_Generation = YES;
				INFOPLIST_KEY_UIApplicationSupportsIndirectInputEvents = YES;
				INFOPLIST_KEY_UILaunchScreen_Generation = YES;
				INFOPLIST_KEY_UISupportedInterfaceOrientations_iPad = "UIInterfaceOrientationPortrait UIInterfaceOrientationPortraitUpsideDown UIInterfaceOrientationLandscapeLeft UIInterfaceOrientationLandscapeRight";
				INFOPLIST_KEY_UISupportedInterfaceOrientations_iPhone = "UIInterfaceOrientationPortrait UIInterfaceOrientationLandscapeLeft UIInterfaceOrientationLandscapeRight";
				LD_RUNPATH_SEARCH_PATHS = (
					"$(inherited)",
					"@executable_path/Frameworks",
				);
				MARKETING_VERSION = 1.0;
				PRODUCT_BUNDLE_IDENTIFIER = "com.form.dynamic-form";
				PRODUCT_NAME = "$(TARGET_NAME)";
				SWIFT_EMIT_LOC_STRINGS = YES;
				SWIFT_VERSION = 5.0;
				TARGETED_DEVICE_FAMILY = "1,2";
			};
			name = Release;
		};
		0589357A2D622A4500ED0475 /* Debug */ = {
			isa = XCBuildConfiguration;
			buildSettings = {
				BUNDLE_LOADER = "$(TEST_HOST)";
				CODE_SIGN_STYLE = Automatic;
				CURRENT_PROJECT_VERSION = 1;
				GENERATE_INFOPLIST_FILE = YES;
				IPHONEOS_DEPLOYMENT_TARGET = 18.2;
				MARKETING_VERSION = 1.0;
				PRODUCT_BUNDLE_IDENTIFIER = "com.form.dynamic-formTests";
				PRODUCT_NAME = "$(TARGET_NAME)";
				SWIFT_EMIT_LOC_STRINGS = NO;
				SWIFT_VERSION = 5.0;
				TARGETED_DEVICE_FAMILY = "1,2";
				TEST_HOST = "$(BUILT_PRODUCTS_DIR)/dynamic_form.app/$(BUNDLE_EXECUTABLE_FOLDER_PATH)/dynamic_form";
			};
			name = Debug;
		};
		0589357B2D622A4500ED0475 /* Release */ = {
			isa = XCBuildConfiguration;
			buildSettings = {
				BUNDLE_LOADER = "$(TEST_HOST)";
				CODE_SIGN_STYLE = Automatic;
				CURRENT_PROJECT_VERSION = 1;
				GENERATE_INFOPLIST_FILE = YES;
				IPHONEOS_DEPLOYMENT_TARGET = 18.2;
				MARKETING_VERSION = 1.0;
				PRODUCT_BUNDLE_IDENTIFIER = "com.form.dynamic-formTests";
				PRODUCT_NAME = "$(TARGET_NAME)";
				SWIFT_EMIT_LOC_STRINGS = NO;
				SWIFT_VERSION = 5.0;
				TARGETED_DEVICE_FAMILY = "1,2";
				TEST_HOST = "$(BUILT_PRODUCTS_DIR)/dynamic_form.app/$(BUNDLE_EXECUTABLE_FOLDER_PATH)/dynamic_form";
			};
			name = Release;
		};
		0589357D2D622A4500ED0475 /* Debug */ = {
			isa = XCBuildConfiguration;
			buildSettings = {
				CODE_SIGN_STYLE = Automatic;
				CURRENT_PROJECT_VERSION = 1;
				GENERATE_INFOPLIST_FILE = YES;
				MARKETING_VERSION = 1.0;
				PRODUCT_BUNDLE_IDENTIFIER = "com.form.dynamic-formUITests";
				PRODUCT_NAME = "$(TARGET_NAME)";
				SWIFT_EMIT_LOC_STRINGS = NO;
				SWIFT_VERSION = 5.0;
				TARGETED_DEVICE_FAMILY = "1,2";
				TEST_TARGET_NAME = dynamic_form;
			};
			name = Debug;
		};
		0589357E2D622A4500ED0475 /* Release */ = {
			isa = XCBuildConfiguration;
			buildSettings = {
				CODE_SIGN_STYLE = Automatic;
				CURRENT_PROJECT_VERSION = 1;
				GENERATE_INFOPLIST_FILE = YES;
				MARKETING_VERSION = 1.0;
				PRODUCT_BUNDLE_IDENTIFIER = "com.form.dynamic-formUITests";
				PRODUCT_NAME = "$(TARGET_NAME)";
				SWIFT_EMIT_LOC_STRINGS = NO;
				SWIFT_VERSION = 5.0;
				TARGETED_DEVICE_FAMILY = "1,2";
				TEST_TARGET_NAME = dynamic_form;
			};
			name = Release;
		};
/* End XCBuildConfiguration section */

/* Begin XCConfigurationList section */
		0589354D2D622A4200ED0475 /* Build configuration list for PBXProject "dynamic_form" */ = {
			isa = XCConfigurationList;
			buildConfigurations = (
				058935742D622A4500ED0475 /* Debug */,
				058935752D622A4500ED0475 /* Release */,
			);
			defaultConfigurationIsVisible = 0;
			defaultConfigurationName = Release;
		};
		058935762D622A4500ED0475 /* Build configuration list for PBXNativeTarget "dynamic_form" */ = {
			isa = XCConfigurationList;
			buildConfigurations = (
				058935772D622A4500ED0475 /* Debug */,
				058935782D622A4500ED0475 /* Release */,
			);
			defaultConfigurationIsVisible = 0;
			defaultConfigurationName = Release;
		};
		058935792D622A4500ED0475 /* Build configuration list for PBXNativeTarget "dynamic_formTests" */ = {
			isa = XCConfigurationList;
			buildConfigurations = (
				0589357A2D622A4500ED0475 /* Debug */,
				0589357B2D622A4500ED0475 /* Release */,
			);
			defaultConfigurationIsVisible = 0;
			defaultConfigurationName = Release;
		};
		0589357C2D622A4500ED0475 /* Build configuration list for PBXNativeTarget "dynamic_formUITests" */ = {
			isa = XCConfigurationList;
			buildConfigurations = (
				0589357D2D622A4500ED0475 /* Debug */,
				0589357E2D622A4500ED0475 /* Release */,
			);
			defaultConfigurationIsVisible = 0;
			defaultConfigurationName = Release;
		};
/* End XCConfigurationList section */
	};
	rootObject = 0589354A2D622A4200ED0475 /* Project object */;
}
